
Microsoft Visual Studio Solution File, Format Version 12.00
# Visual Studio Version 17
VisualStudioVersion = 17.8.34525.116
MinimumVisualStudioVersion = 10.0.40219.1
Project("{FAE04EC0-301F-11D3-BF4B-00C04F79EFBC}") = "Entities", "Entities\Entities.csproj", "{AF729C63-18A9-442F-BA96-D2026CAF56A1}"
EndProject
Project("{FAE04EC0-301F-11D3-BF4B-00C04F79EFBC}") = "DataAccess", "DataAccess\DataAccess.csproj", "{B840DEA1-DFA5-413C-A27C-61FCE270603A}"
EndProject
Project("{FAE04EC0-301F-11D3-BF4B-00C04F79EFBC}") = "Business", "Business\Business.csproj", "{8F90E7DB-92E7-4267-B565-5FC935A700CD}"
EndProject
Project("{FAE04EC0-301F-11D3-BF4B-00C04F79EFBC}") = "Core", "Core\Core.csproj", "{2D5931D3-54E6-40A4-8DDE-1C40A82162DD}"
EndProject
Project("{FAE04EC0-301F-11D3-BF4B-00C04F79EFBC}") = "Presentation", "Presentation\Presentation.csproj", "{84AD28CB-0F96-4594-BAD0-280395CEE728}"
EndProject
Global
	GlobalSection(SolutionConfigurationPlatforms) = preSolution
		Debug|Any CPU = Debug|Any CPU
		Release|Any CPU = Release|Any CPU
	EndGlobalSection
	GlobalSection(ProjectConfigurationPlatforms) = postSolution
		{AF729C63-18A9-442F-BA96-D2026CAF56A1}.Debug|Any CPU.ActiveCfg = Debug|Any CPU
		{AF729C63-18A9-442F-BA96-D2026CAF56A1}.Debug|Any CPU.Build.0 = Debug|Any CPU
		{AF729C63-18A9-442F-BA96-D2026CAF56A1}.Release|Any CPU.ActiveCfg = Release|Any CPU
		{AF729C63-18A9-442F-BA96-D2026CAF56A1}.Release|Any CPU.Build.0 = Release|Any CPU
		{B840DEA1-DFA5-413C-A27C-61FCE270603A}.Debug|Any CPU.ActiveCfg = Debug|Any CPU
		{B840DEA1-DFA5-413C-A27C-61FCE270603A}.Debug|Any CPU.Build.0 = Debug|Any CPU
		{B840DEA1-DFA5-413C-A27C-61FCE270603A}.Release|Any CPU.ActiveCfg = Release|Any CPU
		{B840DEA1-DFA5-413C-A27C-61FCE270603A}.Release|Any CPU.Build.0 = Release|Any CPU
		{8F90E7DB-92E7-4267-B565-5FC935A700CD}.Debug|Any CPU.ActiveCfg = Debug|Any CPU
		{8F90E7DB-92E7-4267-B565-5FC935A700CD}.Debug|Any CPU.Build.0 = Debug|Any CPU
		{8F90E7DB-92E7-4267-B565-5FC935A700CD}.Release|Any CPU.ActiveCfg = Release|Any CPU
		{8F90E7DB-92E7-4267-B565-5FC935A700CD}.Release|Any CPU.Build.0 = Release|Any CPU
		{2D5931D3-54E6-40A4-8DDE-1C40A82162DD}.Debug|Any CPU.ActiveCfg = Debug|Any CPU
		{2D5931D3-54E6-40A4-8DDE-1C40A82162DD}.Debug|Any CPU.Build.0 = Debug|Any CPU
		{2D5931D3-54E6-40A4-8DDE-1C40A82162DD}.Release|Any CPU.ActiveCfg = Release|Any CPU
		{2D5931D3-54E6-40A4-8DDE-1C40A82162DD}.Release|Any CPU.Build.0 = Release|Any CPU
		{84AD28CB-0F96-4594-BAD0-280395CEE728}.Debug|Any CPU.ActiveCfg = Debug|Any CPU
		{84AD28CB-0F96-4594-BAD0-280395CEE728}.Debug|Any CPU.Build.0 = Debug|Any CPU
		{84AD28CB-0F96-4594-BAD0-280395CEE728}.Release|Any CPU.ActiveCfg = Release|Any CPU
		{84AD28CB-0F96-4594-BAD0-280395CEE728}.Release|Any CPU.Build.0 = Release|Any CPU
	EndGlobalSection
	GlobalSection(SolutionProperties) = preSolution
		HideSolutionNode = FALSE
	EndGlobalSection
	GlobalSection(ExtensibilityGlobals) = postSolution
		SolutionGuid = {0F46F04C-FE94-4396-B4D0-2BB93DF34E62}
	EndGlobalSection
EndGlobal
